
Microsoft Visual Studio Solution File, Format Version 12.00
# Visual Studio Version 17
VisualStudioVersion = 17.8.34316.72
MinimumVisualStudioVersion = 10.0.40219.1
Project("{9A19103F-16F7-4668-BE54-9A1E7A4F7556}") = "ConectaEsporte.Core", "ConectaEsporte.Core\ConectaEsporte.Core.csproj", "{5247BB6D-B0DA-46D0-A500-69172901606A}"
EndProject
Project("{9A19103F-16F7-4668-BE54-9A1E7A4F7556}") = "ConectaEsporte.Web", "ConectaEsporte.Web\ConectaEsporte.Web.csproj", "{95BFEF41-D5EC-4A05-9485-71AD2ED5558B}"
EndProject
Project("{9A19103F-16F7-4668-BE54-9A1E7A4F7556}") = "ConectaEsporte.API", "ConectaEsporte.API\ConectaEsporte.API.csproj", "{B992EA33-8CE9-41CE-AC3E-FFDF26A50AEB}"
EndProject
Project("{FAE04EC0-301F-11D3-BF4B-00C04F79EFBC}") = "ConectaEsporte.Uol", "ConectaEsporte.Uol\ConectaEsporte.Uol.csproj", "{E4AFC580-F4A0-4DF4-8C3E-3FD30F61357A}"
EndProject
Project("{FAE04EC0-301F-11D3-BF4B-00C04F79EFBC}") = "Uol.PagSeguro", "Uol.PagSeguro\Uol.PagSeguro.csproj", "{BABC5658-6AFD-4F8E-81F1-434553663D99}"
EndProject
Global
	GlobalSection(SolutionConfigurationPlatforms) = preSolution
		Debug|Any CPU = Debug|Any CPU
		Release|Any CPU = Release|Any CPU
	EndGlobalSection
	GlobalSection(ProjectConfigurationPlatforms) = postSolution
		{5247BB6D-B0DA-46D0-A500-69172901606A}.Debug|Any CPU.ActiveCfg = Debug|Any CPU
		{5247BB6D-B0DA-46D0-A500-69172901606A}.Debug|Any CPU.Build.0 = Debug|Any CPU
		{5247BB6D-B0DA-46D0-A500-69172901606A}.Release|Any CPU.ActiveCfg = Release|Any CPU
		{5247BB6D-B0DA-46D0-A500-69172901606A}.Release|Any CPU.Build.0 = Release|Any CPU
		{95BFEF41-D5EC-4A05-9485-71AD2ED5558B}.Debug|Any CPU.ActiveCfg = Debug|Any CPU
		{95BFEF41-D5EC-4A05-9485-71AD2ED5558B}.Debug|Any CPU.Build.0 = Debug|Any CPU
		{95BFEF41-D5EC-4A05-9485-71AD2ED5558B}.Release|Any CPU.ActiveCfg = Release|Any CPU
		{95BFEF41-D5EC-4A05-9485-71AD2ED5558B}.Release|Any CPU.Build.0 = Release|Any CPU
		{B992EA33-8CE9-41CE-AC3E-FFDF26A50AEB}.Debug|Any CPU.ActiveCfg = Debug|Any CPU
		{B992EA33-8CE9-41CE-AC3E-FFDF26A50AEB}.Debug|Any CPU.Build.0 = Debug|Any CPU
		{B992EA33-8CE9-41CE-AC3E-FFDF26A50AEB}.Release|Any CPU.ActiveCfg = Release|Any CPU
		{B992EA33-8CE9-41CE-AC3E-FFDF26A50AEB}.Release|Any CPU.Build.0 = Release|Any CPU
		{E4AFC580-F4A0-4DF4-8C3E-3FD30F61357A}.Debug|Any CPU.ActiveCfg = Debug|Any CPU
		{E4AFC580-F4A0-4DF4-8C3E-3FD30F61357A}.Debug|Any CPU.Build.0 = Debug|Any CPU
		{E4AFC580-F4A0-4DF4-8C3E-3FD30F61357A}.Release|Any CPU.ActiveCfg = Release|Any CPU
		{E4AFC580-F4A0-4DF4-8C3E-3FD30F61357A}.Release|Any CPU.Build.0 = Release|Any CPU
		{BABC5658-6AFD-4F8E-81F1-434553663D99}.Debug|Any CPU.ActiveCfg = Debug|Any CPU
		{BABC5658-6AFD-4F8E-81F1-434553663D99}.Debug|Any CPU.Build.0 = Debug|Any CPU
		{BABC5658-6AFD-4F8E-81F1-434553663D99}.Release|Any CPU.ActiveCfg = Release|Any CPU
		{BABC5658-6AFD-4F8E-81F1-434553663D99}.Release|Any CPU.Build.0 = Release|Any CPU
	EndGlobalSection
	GlobalSection(SolutionProperties) = preSolution
		HideSolutionNode = FALSE
	EndGlobalSection
	GlobalSection(ExtensibilityGlobals) = postSolution
		SolutionGuid = {445C2813-0B53-4B1B-970F-39F6B547D821}
	EndGlobalSection
EndGlobal
